
Microsoft Visual Studio Solution File, Format Version 12.00
# Visual Studio Version 17
VisualStudioVersion = 17.9.34622.214
MinimumVisualStudioVersion = 10.0.40219.1
Project("{FAE04EC0-301F-11D3-BF4B-00C04F79EFBC}") = "zadnie egzaminacyjne 2", "zadnie egzaminacyjne 2\zadnie egzaminacyjne 2.csproj", "{5C592C6B-4C76-49F3-B6C8-EA143EA41FB8}"
EndProject
Global
	GlobalSection(SolutionConfigurationPlatforms) = preSolution
		Debug|Any CPU = Debug|Any CPU
		Release|Any CPU = Release|Any CPU
	EndGlobalSection
	GlobalSection(ProjectConfigurationPlatforms) = postSolution
		{5C592C6B-4C76-49F3-B6C8-EA143EA41FB8}.Debug|Any CPU.ActiveCfg = Debug|Any CPU
		{5C592C6B-4C76-49F3-B6C8-EA143EA41FB8}.Debug|Any CPU.Build.0 = Debug|Any CPU
		{5C592C6B-4C76-49F3-B6C8-EA143EA41FB8}.Release|Any CPU.ActiveCfg = Release|Any CPU
		{5C592C6B-4C76-49F3-B6C8-EA143EA41FB8}.Release|Any CPU.Build.0 = Release|Any CPU
	EndGlobalSection
	GlobalSection(SolutionProperties) = preSolution
		HideSolutionNode = FALSE
	EndGlobalSection
	GlobalSection(ExtensibilityGlobals) = postSolution
		SolutionGuid = {1FFE54F7-66AF-490C-B1F5-54FF671BB13F}
	EndGlobalSection
EndGlobal
